// !$*UTF8*$!
{
	archiveVersion = 1;
	classes = {
	};
	objectVersion = 77;
	objects = {

/* Begin PBXBuildFile section */
		BFE2F11F2D0684DB009E9FBC /* ContentView.swift in Sources */ = {isa = PBXBuildFile; fileRef = BFE2F11B2D0684DB009E9FBC /* ContentView.swift */; };
		BFE2F1202D0684DB009E9FBC /* ScreenableApp.swift in Sources */ = {isa = PBXBuildFile; fileRef = BFE2F11D2D0684DB009E9FBC /* ScreenableApp.swift */; };
		BFE2F1212D0684DB009E9FBC /* Preview Assets.xcassets in Resources */ = {isa = PBXBuildFile; fileRef = BFE2F1182D0684DB009E9FBC /* Preview Assets.xcassets */; };
		BFE2F1222D0684DB009E9FBC /* Assets.xcassets in Resources */ = {isa = PBXBuildFile; fileRef = BFE2F11A2D0684DB009E9FBC /* Assets.xcassets */; };
		BFE2F1252D068584009E9FBC /* Fonts.txt in Resources */ = {isa = PBXBuildFile; fileRef = BFE2F1242D068584009E9FBC /* Fonts.txt */; };
		BFE2F1262D068584009E9FBC /* Backgrounds.txt in Resources */ = {isa = PBXBuildFile; fileRef = BFE2F1232D068584009E9FBC /* Backgrounds.txt */; };
		BFE2F1282D06869F009E9FBC /* ScreenableDocument.swift in Sources */ = {isa = PBXBuildFile; fileRef = BFE2F1272D06869F009E9FBC /* ScreenableDocument.swift */; };
		BFE2F12B2D0695F1009E9FBC /* RenderView.swift in Sources */ = {isa = PBXBuildFile; fileRef = BFE2F12A2D0695F1009E9FBC /* RenderView.swift */; };
		BFE2F12D2D06A0CC009E9FBC /* Bundle-StringArray.swift in Sources */ = {isa = PBXBuildFile; fileRef = BFE2F12C2D06A0CC009E9FBC /* Bundle-StringArray.swift */; };
/* End PBXBuildFile section */

/* Begin PBXFileReference section */
		BFE2F1062D0684CF009E9FBC /* Screenable.app */ = {isa = PBXFileReference; explicitFileType = wrapper.application; includeInIndex = 0; path = Screenable.app; sourceTree = BUILT_PRODUCTS_DIR; };
		BFE2F1182D0684DB009E9FBC /* Preview Assets.xcassets */ = {isa = PBXFileReference; lastKnownFileType = folder.assetcatalog; path = "Preview Assets.xcassets"; sourceTree = "<group>"; };
		BFE2F11A2D0684DB009E9FBC /* Assets.xcassets */ = {isa = PBXFileReference; lastKnownFileType = folder.assetcatalog; path = Assets.xcassets; sourceTree = "<group>"; };
		BFE2F11B2D0684DB009E9FBC /* ContentView.swift */ = {isa = PBXFileReference; lastKnownFileType = sourcecode.swift; path = ContentView.swift; sourceTree = "<group>"; };
		BFE2F11C2D0684DB009E9FBC /* Screenable.entitlements */ = {isa = PBXFileReference; lastKnownFileType = text.plist.entitlements; path = Screenable.entitlements; sourceTree = "<group>"; };
		BFE2F11D2D0684DB009E9FBC /* ScreenableApp.swift */ = {isa = PBXFileReference; lastKnownFileType = sourcecode.swift; path = ScreenableApp.swift; sourceTree = "<group>"; };
		BFE2F1232D068584009E9FBC /* Backgrounds.txt */ = {isa = PBXFileReference; lastKnownFileType = text; path = Backgrounds.txt; sourceTree = "<group>"; };
		BFE2F1242D068584009E9FBC /* Fonts.txt */ = {isa = PBXFileReference; lastKnownFileType = text; path = Fonts.txt; sourceTree = "<group>"; };
		BFE2F1272D06869F009E9FBC /* ScreenableDocument.swift */ = {isa = PBXFileReference; lastKnownFileType = sourcecode.swift; path = ScreenableDocument.swift; sourceTree = "<group>"; };
		BFE2F1292D068FD0009E9FBC /* Info.plist */ = {isa = PBXFileReference; lastKnownFileType = text.plist; path = Info.plist; sourceTree = "<group>"; };
		BFE2F12A2D0695F1009E9FBC /* RenderView.swift */ = {isa = PBXFileReference; lastKnownFileType = sourcecode.swift; path = RenderView.swift; sourceTree = "<group>"; };
		BFE2F12C2D06A0CC009E9FBC /* Bundle-StringArray.swift */ = {isa = PBXFileReference; lastKnownFileType = sourcecode.swift; path = "Bundle-StringArray.swift"; sourceTree = "<group>"; };
/* End PBXFileReference section */

/* Begin PBXFrameworksBuildPhase section */
		BFE2F1032D0684CF009E9FBC /* Frameworks */ = {
			isa = PBXFrameworksBuildPhase;
			buildActionMask = 2147483647;
			files = (
			);
			runOnlyForDeploymentPostprocessing = 0;
		};
/* End PBXFrameworksBuildPhase section */

/* Begin PBXGroup section */
		BFE2F0FD2D0684CF009E9FBC = {
			isa = PBXGroup;
			children = (
				BFE2F11E2D0684DB009E9FBC /* Screenable */,
				BFE2F1072D0684CF009E9FBC /* Products */,
			);
			sourceTree = "<group>";
		};
		BFE2F1072D0684CF009E9FBC /* Products */ = {
			isa = PBXGroup;
			children = (
				BFE2F1062D0684CF009E9FBC /* Screenable.app */,
			);
			name = Products;
			sourceTree = "<group>";
		};
		BFE2F1192D0684DB009E9FBC /* Preview Content */ = {
			isa = PBXGroup;
			children = (
				BFE2F1182D0684DB009E9FBC /* Preview Assets.xcassets */,
			);
			path = "Preview Content";
			sourceTree = "<group>";
		};
		BFE2F11E2D0684DB009E9FBC /* Screenable */ = {
			isa = PBXGroup;
			children = (
				BFE2F1292D068FD0009E9FBC /* Info.plist */,
				BFE2F11B2D0684DB009E9FBC /* ContentView.swift */,
				BFE2F1272D06869F009E9FBC /* ScreenableDocument.swift */,
				BFE2F12A2D0695F1009E9FBC /* RenderView.swift */,
				BFE2F12C2D06A0CC009E9FBC /* Bundle-StringArray.swift */,
				BFE2F11D2D0684DB009E9FBC /* ScreenableApp.swift */,
				BFE2F11A2D0684DB009E9FBC /* Assets.xcassets */,
				BFE2F1232D068584009E9FBC /* Backgrounds.txt */,
				BFE2F1242D068584009E9FBC /* Fonts.txt */,
				BFE2F11C2D0684DB009E9FBC /* Screenable.entitlements */,
				BFE2F1192D0684DB009E9FBC /* Preview Content */,
			);
			path = Screenable;
			sourceTree = "<group>";
		};
/* End PBXGroup section */

/* Begin PBXNativeTarget section */
		BFE2F1052D0684CF009E9FBC /* Screenable */ = {
			isa = PBXNativeTarget;
			buildConfigurationList = BFE2F1152D0684D0009E9FBC /* Build configuration list for PBXNativeTarget "Screenable" */;
			buildPhases = (
				BFE2F1022D0684CF009E9FBC /* Sources */,
				BFE2F1032D0684CF009E9FBC /* Frameworks */,
				BFE2F1042D0684CF009E9FBC /* Resources */,
			);
			buildRules = (
			);
			dependencies = (
			);
			name = Screenable;
			packageProductDependencies = (
			);
			productName = Screenable;
			productReference = BFE2F1062D0684CF009E9FBC /* Screenable.app */;
			productType = "com.apple.product-type.application";
		};
/* End PBXNativeTarget section */

/* Begin PBXProject section */
		BFE2F0FE2D0684CF009E9FBC /* Project object */ = {
			isa = PBXProject;
			attributes = {
				BuildIndependentTargetsInParallel = 1;
				LastSwiftUpdateCheck = 1610;
				LastUpgradeCheck = 1610;
				TargetAttributes = {
					BFE2F1052D0684CF009E9FBC = {
						CreatedOnToolsVersion = 16.1;
					};
				};
			};
			buildConfigurationList = BFE2F1012D0684CF009E9FBC /* Build configuration list for PBXProject "Screenable" */;
			developmentRegion = en;
			hasScannedForEncodings = 0;
			knownRegions = (
				en,
				Base,
			);
			mainGroup = BFE2F0FD2D0684CF009E9FBC;
			minimizedProjectReferenceProxies = 1;
			preferredProjectObjectVersion = 77;
			productRefGroup = BFE2F1072D0684CF009E9FBC /* Products */;
			projectDirPath = "";
			projectRoot = "";
			targets = (
				BFE2F1052D0684CF009E9FBC /* Screenable */,
			);
		};
/* End PBXProject section */

/* Begin PBXResourcesBuildPhase section */
		BFE2F1042D0684CF009E9FBC /* Resources */ = {
			isa = PBXResourcesBuildPhase;
			buildActionMask = 2147483647;
			files = (
				BFE2F1252D068584009E9FBC /* Fonts.txt in Resources */,
				BFE2F1262D068584009E9FBC /* Backgrounds.txt in Resources */,
				BFE2F1212D0684DB009E9FBC /* Preview Assets.xcassets in Resources */,
				BFE2F1222D0684DB009E9FBC /* Assets.xcassets in Resources */,
			);
			runOnlyForDeploymentPostprocessing = 0;
		};
/* End PBXResourcesBuildPhase section */

/* Begin PBXSourcesBuildPhase section */
		BFE2F1022D0684CF009E9FBC /* Sources */ = {
			isa = PBXSourcesBuildPhase;
			buildActionMask = 2147483647;
			files = (
				BFE2F1282D06869F009E9FBC /* ScreenableDocument.swift in Sources */,
				BFE2F11F2D0684DB009E9FBC /* ContentView.swift in Sources */,
				BFE2F12D2D06A0CC009E9FBC /* Bundle-StringArray.swift in Sources */,
				BFE2F12B2D0695F1009E9FBC /* RenderView.swift in Sources */,
				BFE2F1202D0684DB009E9FBC /* ScreenableApp.swift in Sources */,
			);
			runOnlyForDeploymentPostprocessing = 0;
		};
/* End PBXSourcesBuildPhase section */

/* Begin XCBuildConfiguration section */
		BFE2F1132D0684D0009E9FBC /* Debug */ = {
			isa = XCBuildConfiguration;
			buildSettings = {
				ALWAYS_SEARCH_USER_PATHS = NO;
				ASSETCATALOG_COMPILER_GENERATE_SWIFT_ASSET_SYMBOL_EXTENSIONS = YES;
				CLANG_ANALYZER_NONNULL = YES;
				CLANG_ANALYZER_NUMBER_OBJECT_CONVERSION = YES_AGGRESSIVE;
				CLANG_CXX_LANGUAGE_STANDARD = "gnu++20";
				CLANG_ENABLE_MODULES = YES;
				CLANG_ENABLE_OBJC_ARC = YES;
				CLANG_ENABLE_OBJC_WEAK = YES;
				CLANG_WARN_BLOCK_CAPTURE_AUTORELEASING = YES;
				CLANG_WARN_BOOL_CONVERSION = YES;
				CLANG_WARN_COMMA = YES;
				CLANG_WARN_CONSTANT_CONVERSION = YES;
				CLANG_WARN_DEPRECATED_OBJC_IMPLEMENTATIONS = YES;
				CLANG_WARN_DIRECT_OBJC_ISA_USAGE = YES_ERROR;
				CLANG_WARN_DOCUMENTATION_COMMENTS = YES;
				CLANG_WARN_EMPTY_BODY = YES;
				CLANG_WARN_ENUM_CONVERSION = YES;
				CLANG_WARN_INFINITE_RECURSION = YES;
				CLANG_WARN_INT_CONVERSION = YES;
				CLANG_WARN_NON_LITERAL_NULL_CONVERSION = YES;
				CLANG_WARN_OBJC_IMPLICIT_RETAIN_SELF = YES;
				CLANG_WARN_OBJC_LITERAL_CONVERSION = YES;
				CLANG_WARN_OBJC_ROOT_CLASS = YES_ERROR;
				CLANG_WARN_QUOTED_INCLUDE_IN_FRAMEWORK_HEADER = YES;
				CLANG_WARN_RANGE_LOOP_ANALYSIS = YES;
				CLANG_WARN_STRICT_PROTOTYPES = YES;
				CLANG_WARN_SUSPICIOUS_MOVE = YES;
				CLANG_WARN_UNGUARDED_AVAILABILITY = YES_AGGRESSIVE;
				CLANG_WARN_UNREACHABLE_CODE = YES;
				CLANG_WARN__DUPLICATE_METHOD_MATCH = YES;
				COPY_PHASE_STRIP = NO;
				DEBUG_INFORMATION_FORMAT = dwarf;
				ENABLE_STRICT_OBJC_MSGSEND = YES;
				ENABLE_TESTABILITY = YES;
				ENABLE_USER_SCRIPT_SANDBOXING = YES;
				GCC_C_LANGUAGE_STANDARD = gnu17;
				GCC_DYNAMIC_NO_PIC = NO;
				GCC_NO_COMMON_BLOCKS = YES;
				GCC_OPTIMIZATION_LEVEL = 0;
				GCC_PREPROCESSOR_DEFINITIONS = (
					"DEBUG=1",
					"$(inherited)",
				);
				GCC_WARN_64_TO_32_BIT_CONVERSION = YES;
				GCC_WARN_ABOUT_RETURN_TYPE = YES_ERROR;
				GCC_WARN_UNDECLARED_SELECTOR = YES;
				GCC_WARN_UNINITIALIZED_AUTOS = YES_AGGRESSIVE;
				GCC_WARN_UNUSED_FUNCTION = YES;
				GCC_WARN_UNUSED_VARIABLE = YES;
				LOCALIZATION_PREFERS_STRING_CATALOGS = YES;
				MACOSX_DEPLOYMENT_TARGET = 15.1;
				MTL_ENABLE_DEBUG_INFO = INCLUDE_SOURCE;
				MTL_FAST_MATH = YES;
				ONLY_ACTIVE_ARCH = YES;
				SDKROOT = macosx;
				SWIFT_ACTIVE_COMPILATION_CONDITIONS = "DEBUG $(inherited)";
				SWIFT_OPTIMIZATION_LEVEL = "-Onone";
			};
			name = Debug;
		};
		BFE2F1142D0684D0009E9FBC /* Release */ = {
			isa = XCBuildConfiguration;
			buildSettings = {
				ALWAYS_SEARCH_USER_PATHS = NO;
				ASSETCATALOG_COMPILER_GENERATE_SWIFT_ASSET_SYMBOL_EXTENSIONS = YES;
				CLANG_ANALYZER_NONNULL = YES;
				CLANG_ANALYZER_NUMBER_OBJECT_CONVERSION = YES_AGGRESSIVE;
				CLANG_CXX_LANGUAGE_STANDARD = "gnu++20";
				CLANG_ENABLE_MODULES = YES;
				CLANG_ENABLE_OBJC_ARC = YES;
				CLANG_ENABLE_OBJC_WEAK = YES;
				CLANG_WARN_BLOCK_CAPTURE_AUTORELEASING = YES;
				CLANG_WARN_BOOL_CONVERSION = YES;
				CLANG_WARN_COMMA = YES;
				CLANG_WARN_CONSTANT_CONVERSION = YES;
				CLANG_WARN_DEPRECATED_OBJC_IMPLEMENTATIONS = YES;
				CLANG_WARN_DIRECT_OBJC_ISA_USAGE = YES_ERROR;
				CLANG_WARN_DOCUMENTATION_COMMENTS = YES;
				CLANG_WARN_EMPTY_BODY = YES;
				CLANG_WARN_ENUM_CONVERSION = YES;
				CLANG_WARN_INFINITE_RECURSION = YES;
				CLANG_WARN_INT_CONVERSION = YES;
				CLANG_WARN_NON_LITERAL_NULL_CONVERSION = YES;
				CLANG_WARN_OBJC_IMPLICIT_RETAIN_SELF = YES;
				CLANG_WARN_OBJC_LITERAL_CONVERSION = YES;
				CLANG_WARN_OBJC_ROOT_CLASS = YES_ERROR;
				CLANG_WARN_QUOTED_INCLUDE_IN_FRAMEWORK_HEADER = YES;
				CLANG_WARN_RANGE_LOOP_ANALYSIS = YES;
				CLANG_WARN_STRICT_PROTOTYPES = YES;
				CLANG_WARN_SUSPICIOUS_MOVE = YES;
				CLANG_WARN_UNGUARDED_AVAILABILITY = YES_AGGRESSIVE;
				CLANG_WARN_UNREACHABLE_CODE = YES;
				CLANG_WARN__DUPLICATE_METHOD_MATCH = YES;
				COPY_PHASE_STRIP = NO;
				DEBUG_INFORMATION_FORMAT = "dwarf-with-dsym";
				ENABLE_NS_ASSERTIONS = NO;
				ENABLE_STRICT_OBJC_MSGSEND = YES;
				ENABLE_USER_SCRIPT_SANDBOXING = YES;
				GCC_C_LANGUAGE_STANDARD = gnu17;
				GCC_NO_COMMON_BLOCKS = YES;
				GCC_WARN_64_TO_32_BIT_CONVERSION = YES;
				GCC_WARN_ABOUT_RETURN_TYPE = YES_ERROR;
				GCC_WARN_UNDECLARED_SELECTOR = YES;
				GCC_WARN_UNINITIALIZED_AUTOS = YES_AGGRESSIVE;
				GCC_WARN_UNUSED_FUNCTION = YES;
				GCC_WARN_UNUSED_VARIABLE = YES;
				LOCALIZATION_PREFERS_STRING_CATALOGS = YES;
				MACOSX_DEPLOYMENT_TARGET = 15.1;
				MTL_ENABLE_DEBUG_INFO = NO;
				MTL_FAST_MATH = YES;
				SDKROOT = macosx;
				SWIFT_COMPILATION_MODE = wholemodule;
			};
			name = Release;
		};
		BFE2F1162D0684D0009E9FBC /* Debug */ = {
			isa = XCBuildConfiguration;
			buildSettings = {
				ASSETCATALOG_COMPILER_APPICON_NAME = AppIcon;
				ASSETCATALOG_COMPILER_GLOBAL_ACCENT_COLOR_NAME = AccentColor;
				CODE_SIGN_ENTITLEMENTS = Screenable/Screenable.entitlements;
				CODE_SIGN_STYLE = Automatic;
				COMBINE_HIDPI_IMAGES = YES;
				CURRENT_PROJECT_VERSION = 1;
				DEVELOPMENT_ASSET_PATHS = "\"Screenable/Preview Content\"";
				DEVELOPMENT_TEAM = T9MD4URZFH;
				ENABLE_HARDENED_RUNTIME = YES;
				ENABLE_PREVIEWS = YES;
				GENERATE_INFOPLIST_FILE = YES;
				INFOPLIST_FILE = Screenable/Info.plist;
				INFOPLIST_KEY_NSHumanReadableCopyright = "";
				LD_RUNPATH_SEARCH_PATHS = (
					"$(inherited)",
					"@executable_path/../Frameworks",
				);
				MARKETING_VERSION = 1.0;
				PRODUCT_BUNDLE_IDENTIFIER = com.superkookai.Screenable;
				PRODUCT_NAME = "$(TARGET_NAME)";
				SWIFT_EMIT_LOC_STRINGS = YES;
				SWIFT_VERSION = 5.0;
			};
			name = Debug;
		};
		BFE2F1172D0684D0009E9FBC /* Release */ = {
			isa = XCBuildConfiguration;
			buildSettings = {
				ASSETCATALOG_COMPILER_APPICON_NAME = AppIcon;
				ASSETCATALOG_COMPILER_GLOBAL_ACCENT_COLOR_NAME = AccentColor;
				CODE_SIGN_ENTITLEMENTS = Screenable/Screenable.entitlements;
				CODE_SIGN_STYLE = Automatic;
				COMBINE_HIDPI_IMAGES = YES;
				CURRENT_PROJECT_VERSION = 1;
				DEVELOPMENT_ASSET_PATHS = "\"Screenable/Preview Content\"";
				DEVELOPMENT_TEAM = T9MD4URZFH;
				ENABLE_HARDENED_RUNTIME = YES;
				ENABLE_PREVIEWS = YES;
				GENERATE_INFOPLIST_FILE = YES;
				INFOPLIST_FILE = Screenable/Info.plist;
				INFOPLIST_KEY_NSHumanReadableCopyright = "";
				LD_RUNPATH_SEARCH_PATHS = (
					"$(inherited)",
					"@executable_path/../Frameworks",
				);
				MARKETING_VERSION = 1.0;
				PRODUCT_BUNDLE_IDENTIFIER = com.superkookai.Screenable;
				PRODUCT_NAME = "$(TARGET_NAME)";
				SWIFT_EMIT_LOC_STRINGS = YES;
				SWIFT_VERSION = 5.0;
			};
			name = Release;
		};
/* End XCBuildConfiguration section */

/* Begin XCConfigurationList section */
		BFE2F1012D0684CF009E9FBC /* Build configuration list for PBXProject "Screenable" */ = {
			isa = XCConfigurationList;
			buildConfigurations = (
				BFE2F1132D0684D0009E9FBC /* Debug */,
				BFE2F1142D0684D0009E9FBC /* Release */,
			);
			defaultConfigurationIsVisible = 0;
			defaultConfigurationName = Release;
		};
		BFE2F1152D0684D0009E9FBC /* Build configuration list for PBXNativeTarget "Screenable" */ = {
			isa = XCConfigurationList;
			buildConfigurations = (
				BFE2F1162D0684D0009E9FBC /* Debug */,
				BFE2F1172D0684D0009E9FBC /* Release */,
			);
			defaultConfigurationIsVisible = 0;
			defaultConfigurationName = Release;
		};
/* End XCConfigurationList section */
	};
	rootObject = BFE2F0FE2D0684CF009E9FBC /* Project object */;
}
